
Microsoft Visual Studio Solution File, Format Version 12.00
# Visual Studio Version 17
VisualStudioVersion = 17.13.35806.99 d17.13
MinimumVisualStudioVersion = 10.0.40219.1
Project("{FAE04EC0-301F-11D3-BF4B-00C04F79EFBC}") = "ElectronicDiary", "ElectronicDiary\ElectronicDiary.csproj", "{9FD2B4B2-3F09-4D0D-95FA-7364D2DF1EDD}"
EndProject
Global
	GlobalSection(SolutionConfigurationPlatforms) = preSolution
		Debug|Any CPU = Debug|Any CPU
		Release|Any CPU = Release|Any CPU
	EndGlobalSection
	GlobalSection(ProjectConfigurationPlatforms) = postSolution
		{9FD2B4B2-3F09-4D0D-95FA-7364D2DF1EDD}.Debug|Any CPU.ActiveCfg = Debug|Any CPU
		{9FD2B4B2-3F09-4D0D-95FA-7364D2DF1EDD}.Debug|Any CPU.Build.0 = Debug|Any CPU
		{9FD2B4B2-3F09-4D0D-95FA-7364D2DF1EDD}.Release|Any CPU.ActiveCfg = Release|Any CPU
		{9FD2B4B2-3F09-4D0D-95FA-7364D2DF1EDD}.Release|Any CPU.Build.0 = Release|Any CPU
	EndGlobalSection
	GlobalSection(SolutionProperties) = preSolution
		HideSolutionNode = FALSE
	EndGlobalSection
	GlobalSection(ExtensibilityGlobals) = postSolution
		SolutionGuid = {F65A7F49-3690-43F4-9226-B45A88CD0516}
	EndGlobalSection
EndGlobal
